
Microsoft Visual Studio Solution File, Format Version 12.00
# Visual Studio Version 17
VisualStudioVersion = 17.10.35013.160
MinimumVisualStudioVersion = 10.0.40219.1
Project("{FAE04EC0-301F-11D3-BF4B-00C04F79EFBC}") = "EntityFrameworkCodeFirst", "EntityFrameworkCodeFirst\EntityFrameworkCodeFirst.csproj", "{4176986D-6DB1-4040-959D-77E31B24859C}"
EndProject
Global
	GlobalSection(SolutionConfigurationPlatforms) = preSolution
		Debug|Any CPU = Debug|Any CPU
		Release|Any CPU = Release|Any CPU
	EndGlobalSection
	GlobalSection(ProjectConfigurationPlatforms) = postSolution
		{4176986D-6DB1-4040-959D-77E31B24859C}.Debug|Any CPU.ActiveCfg = Debug|Any CPU
		{4176986D-6DB1-4040-959D-77E31B24859C}.Debug|Any CPU.Build.0 = Debug|Any CPU
		{4176986D-6DB1-4040-959D-77E31B24859C}.Release|Any CPU.ActiveCfg = Release|Any CPU
		{4176986D-6DB1-4040-959D-77E31B24859C}.Release|Any CPU.Build.0 = Release|Any CPU
	EndGlobalSection
	GlobalSection(SolutionProperties) = preSolution
		HideSolutionNode = FALSE
	EndGlobalSection
	GlobalSection(ExtensibilityGlobals) = postSolution
		SolutionGuid = {2F5B8EB0-3CC5-4627-8E62-704F29819F50}
	EndGlobalSection
EndGlobal
